<?xml version="1.0" encoding="UTF-8"?>
<Scheme
   version = "1.3">
   <BuildAction>
      <BuildActionEntries>
         <BuildActionEntry
            buildForRunning = "YES">
            <BuildableReference
               BuildableIdentifier = "primary"
               BlueprintIdentifier = "18F51331446EE152B8DF1643"
               BuildableName = "Nokin_Calculater.app"
               BlueprintName = "Nokin_Calculater"
               ReferencedContainer = "container:Nokin_Calculater.xcodeproj">
            </BuildableReference>
         </BuildActionEntry>
      </BuildActionEntries>
   </BuildAction>
   <LaunchAction
      useCustomWorkingDirectory = "NO"
      buildConfiguration = "Debug"
      allowLocationSimulation = "YES">
      <BuildableProductRunnable>
         <BuildableReference
            BuildableIdentifier = "primary"
            BlueprintIdentifier = "18F51331446EE152B8DF1643"
            BuildableName = "Nokin_Calculater.app"
            BlueprintName = "Nokin_Calculater"
            ReferencedContainer = "container:Nokin_Calculater.xcodeproj">
         </BuildableReference>
      </BuildableProductRunnable>
   </LaunchAction>
</Scheme>
